
Microsoft Visual Studio Solution File, Format Version 12.00
# Visual Studio Version 17
VisualStudioVersion = 17.5.33516.290
MinimumVisualStudioVersion = 10.0.40219.1
Project("{FAE04EC0-301F-11D3-BF4B-00C04F79EFBC}") = "İndirim", "İndirim\İndirim.csproj", "{4DF20AF8-2382-4CC5-B4BF-81168C712871}"
EndProject
Global
	GlobalSection(SolutionConfigurationPlatforms) = preSolution
		Debug|Any CPU = Debug|Any CPU
		Release|Any CPU = Release|Any CPU
	EndGlobalSection
	GlobalSection(ProjectConfigurationPlatforms) = postSolution
		{4DF20AF8-2382-4CC5-B4BF-81168C712871}.Debug|Any CPU.ActiveCfg = Debug|Any CPU
		{4DF20AF8-2382-4CC5-B4BF-81168C712871}.Debug|Any CPU.Build.0 = Debug|Any CPU
		{4DF20AF8-2382-4CC5-B4BF-81168C712871}.Release|Any CPU.ActiveCfg = Release|Any CPU
		{4DF20AF8-2382-4CC5-B4BF-81168C712871}.Release|Any CPU.Build.0 = Release|Any CPU
	EndGlobalSection
	GlobalSection(SolutionProperties) = preSolution
		HideSolutionNode = FALSE
	EndGlobalSection
	GlobalSection(ExtensibilityGlobals) = postSolution
		SolutionGuid = {267AB199-B61B-43F0-B75A-4C2F7C2C2857}
	EndGlobalSection
EndGlobal
